// !$*UTF8*$!
{
	archiveVersion = 1;
	classes = {
	};
	objectVersion = 46;
	objects = {

/* Begin PBXBuildFile section */
		E0248AC31D174B1600FBC6F0 /* AppDelegate.swift in Sources */ = {isa = PBXBuildFile; fileRef = E0248AC21D174B1600FBC6F0 /* AppDelegate.swift */; };
		E0248AC51D174B1600FBC6F0 /* FirstViewController.swift in Sources */ = {isa = PBXBuildFile; fileRef = E0248AC41D174B1600FBC6F0 /* FirstViewController.swift */; };
		E0248AC71D174B1600FBC6F0 /* SecondViewController.swift in Sources */ = {isa = PBXBuildFile; fileRef = E0248AC61D174B1600FBC6F0 /* SecondViewController.swift */; };
		E0248ACA1D174B1600FBC6F0 /* Main.storyboard in Resources */ = {isa = PBXBuildFile; fileRef = E0248AC81D174B1600FBC6F0 /* Main.storyboard */; };
		E0248ACC1D174B1600FBC6F0 /* Assets.xcassets in Resources */ = {isa = PBXBuildFile; fileRef = E0248ACB1D174B1600FBC6F0 /* Assets.xcassets */; };
		E0248ACF1D174B1600FBC6F0 /* LaunchScreen.storyboard in Resources */ = {isa = PBXBuildFile; fileRef = E0248ACD1D174B1600FBC6F0 /* LaunchScreen.storyboard */; };
		E0248ADA1D174B1600FBC6F0 /* ShoppingListUITests.swift in Sources */ = {isa = PBXBuildFile; fileRef = E0248AD91D174B1600FBC6F0 /* ShoppingListUITests.swift */; };
		E0248AE51D174E2800FBC6F0 /* ShoppingListTableViewController.swift in Sources */ = {isa = PBXBuildFile; fileRef = E0248AE41D174E2800FBC6F0 /* ShoppingListTableViewController.swift */; };
		E0248AE71D174E5E00FBC6F0 /* ShoppingItem.swift in Sources */ = {isa = PBXBuildFile; fileRef = E0248AE61D174E5E00FBC6F0 /* ShoppingItem.swift */; };
		E0248AE91D17534F00FBC6F0 /* ShoppingListCell.swift in Sources */ = {isa = PBXBuildFile; fileRef = E0248AE81D17534F00FBC6F0 /* ShoppingListCell.swift */; };
/* End PBXBuildFile section */

/* Begin PBXContainerItemProxy section */
		E0248AD61D174B1600FBC6F0 /* PBXContainerItemProxy */ = {
			isa = PBXContainerItemProxy;
			containerPortal = E0248AB71D174B1600FBC6F0 /* Project object */;
			proxyType = 1;
			remoteGlobalIDString = E0248ABE1D174B1600FBC6F0;
			remoteInfo = ShoppingList;
		};
/* End PBXContainerItemProxy section */

/* Begin PBXFileReference section */
		E0248ABF1D174B1600FBC6F0 /* ShoppingList.app */ = {isa = PBXFileReference; explicitFileType = wrapper.application; includeInIndex = 0; path = ShoppingList.app; sourceTree = BUILT_PRODUCTS_DIR; };
		E0248AC21D174B1600FBC6F0 /* AppDelegate.swift */ = {isa = PBXFileReference; lastKnownFileType = sourcecode.swift; path = AppDelegate.swift; sourceTree = "<group>"; };
		E0248AC41D174B1600FBC6F0 /* FirstViewController.swift */ = {isa = PBXFileReference; lastKnownFileType = sourcecode.swift; path = FirstViewController.swift; sourceTree = "<group>"; };
		E0248AC61D174B1600FBC6F0 /* SecondViewController.swift */ = {isa = PBXFileReference; lastKnownFileType = sourcecode.swift; path = SecondViewController.swift; sourceTree = "<group>"; };
		E0248AC91D174B1600FBC6F0 /* Base */ = {isa = PBXFileReference; lastKnownFileType = file.storyboard; name = Base; path = Base.lproj/Main.storyboard; sourceTree = "<group>"; };
		E0248ACB1D174B1600FBC6F0 /* Assets.xcassets */ = {isa = PBXFileReference; lastKnownFileType = folder.assetcatalog; path = Assets.xcassets; sourceTree = "<group>"; };
		E0248ACE1D174B1600FBC6F0 /* Base */ = {isa = PBXFileReference; lastKnownFileType = file.storyboard; name = Base; path = Base.lproj/LaunchScreen.storyboard; sourceTree = "<group>"; };
		E0248AD01D174B1600FBC6F0 /* Info.plist */ = {isa = PBXFileReference; lastKnownFileType = text.plist.xml; path = Info.plist; sourceTree = "<group>"; };
		E0248AD51D174B1600FBC6F0 /* ShoppingListUITests.xctest */ = {isa = PBXFileReference; explicitFileType = wrapper.cfbundle; includeInIndex = 0; path = ShoppingListUITests.xctest; sourceTree = BUILT_PRODUCTS_DIR; };
		E0248AD91D174B1600FBC6F0 /* ShoppingListUITests.swift */ = {isa = PBXFileReference; lastKnownFileType = sourcecode.swift; path = ShoppingListUITests.swift; sourceTree = "<group>"; };
		E0248ADB1D174B1600FBC6F0 /* Info.plist */ = {isa = PBXFileReference; lastKnownFileType = text.plist.xml; path = Info.plist; sourceTree = "<group>"; };
		E0248AE41D174E2800FBC6F0 /* ShoppingListTableViewController.swift */ = {isa = PBXFileReference; fileEncoding = 4; lastKnownFileType = sourcecode.swift; path = ShoppingListTableViewController.swift; sourceTree = "<group>"; };
		E0248AE61D174E5E00FBC6F0 /* ShoppingItem.swift */ = {isa = PBXFileReference; fileEncoding = 4; lastKnownFileType = sourcecode.swift; path = ShoppingItem.swift; sourceTree = "<group>"; };
		E0248AE81D17534F00FBC6F0 /* ShoppingListCell.swift */ = {isa = PBXFileReference; fileEncoding = 4; lastKnownFileType = sourcecode.swift; path = ShoppingListCell.swift; sourceTree = "<group>"; };
/* End PBXFileReference section */

/* Begin PBXFrameworksBuildPhase section */
		E0248ABC1D174B1600FBC6F0 /* Frameworks */ = {
			isa = PBXFrameworksBuildPhase;
			buildActionMask = 2147483647;
			files = (
			);
			runOnlyForDeploymentPostprocessing = 0;
		};
		E0248AD21D174B1600FBC6F0 /* Frameworks */ = {
			isa = PBXFrameworksBuildPhase;
			buildActionMask = 2147483647;
			files = (
			);
			runOnlyForDeploymentPostprocessing = 0;
		};
/* End PBXFrameworksBuildPhase section */

/* Begin PBXGroup section */
		E0248AB61D174B1600FBC6F0 = {
			isa = PBXGroup;
			children = (
				E0248AC11D174B1600FBC6F0 /* ShoppingList */,
				E0248AD81D174B1600FBC6F0 /* ShoppingListUITests */,
				E0248AC01D174B1600FBC6F0 /* Products */,
			);
			sourceTree = "<group>";
		};
		E0248AC01D174B1600FBC6F0 /* Products */ = {
			isa = PBXGroup;
			children = (
				E0248ABF1D174B1600FBC6F0 /* ShoppingList.app */,
				E0248AD51D174B1600FBC6F0 /* ShoppingListUITests.xctest */,
			);
			name = Products;
			sourceTree = "<group>";
		};
		E0248AC11D174B1600FBC6F0 /* ShoppingList */ = {
			isa = PBXGroup;
			children = (
				E0248AC21D174B1600FBC6F0 /* AppDelegate.swift */,
				E0248AC41D174B1600FBC6F0 /* FirstViewController.swift */,
				E0248AC61D174B1600FBC6F0 /* SecondViewController.swift */,
				E0248AC81D174B1600FBC6F0 /* Main.storyboard */,
				E0248ACB1D174B1600FBC6F0 /* Assets.xcassets */,
				E0248ACD1D174B1600FBC6F0 /* LaunchScreen.storyboard */,
				E0248AD01D174B1600FBC6F0 /* Info.plist */,
				E0248AE41D174E2800FBC6F0 /* ShoppingListTableViewController.swift */,
				E0248AE61D174E5E00FBC6F0 /* ShoppingItem.swift */,
				E0248AE81D17534F00FBC6F0 /* ShoppingListCell.swift */,
			);
			path = ShoppingList;
			sourceTree = "<group>";
		};
		E0248AD81D174B1600FBC6F0 /* ShoppingListUITests */ = {
			isa = PBXGroup;
			children = (
				E0248AD91D174B1600FBC6F0 /* ShoppingListUITests.swift */,
				E0248ADB1D174B1600FBC6F0 /* Info.plist */,
			);
			path = ShoppingListUITests;
			sourceTree = "<group>";
		};
/* End PBXGroup section */

/* Begin PBXNativeTarget section */
		E0248ABE1D174B1600FBC6F0 /* ShoppingList */ = {
			isa = PBXNativeTarget;
			buildConfigurationList = E0248ADE1D174B1600FBC6F0 /* Build configuration list for PBXNativeTarget "ShoppingList" */;
			buildPhases = (
				E0248ABB1D174B1600FBC6F0 /* Sources */,
				E0248ABC1D174B1600FBC6F0 /* Frameworks */,
				E0248ABD1D174B1600FBC6F0 /* Resources */,
			);
			buildRules = (
			);
			dependencies = (
			);
			name = ShoppingList;
			productName = ShoppingList;
			productReference = E0248ABF1D174B1600FBC6F0 /* ShoppingList.app */;
			productType = "com.apple.product-type.application";
		};
		E0248AD41D174B1600FBC6F0 /* ShoppingListUITests */ = {
			isa = PBXNativeTarget;
			buildConfigurationList = E0248AE11D174B1600FBC6F0 /* Build configuration list for PBXNativeTarget "ShoppingListUITests" */;
			buildPhases = (
				E0248AD11D174B1600FBC6F0 /* Sources */,
				E0248AD21D174B1600FBC6F0 /* Frameworks */,
				E0248AD31D174B1600FBC6F0 /* Resources */,
			);
			buildRules = (
			);
			dependencies = (
				E0248AD71D174B1600FBC6F0 /* PBXTargetDependency */,
			);
			name = ShoppingListUITests;
			productName = ShoppingListUITests;
			productReference = E0248AD51D174B1600FBC6F0 /* ShoppingListUITests.xctest */;
			productType = "com.apple.product-type.bundle.ui-testing";
		};
/* End PBXNativeTarget section */

/* Begin PBXProject section */
		E0248AB71D174B1600FBC6F0 /* Project object */ = {
			isa = PBXProject;
			attributes = {
				LastSwiftUpdateCheck = 0730;
				LastUpgradeCheck = 0730;
				ORGANIZATIONNAME = Somo;
				TargetAttributes = {
					E0248ABE1D174B1600FBC6F0 = {
						CreatedOnToolsVersion = 7.3.1;
					};
					E0248AD41D174B1600FBC6F0 = {
						CreatedOnToolsVersion = 7.3.1;
						TestTargetID = E0248ABE1D174B1600FBC6F0;
					};
				};
			};
			buildConfigurationList = E0248ABA1D174B1600FBC6F0 /* Build configuration list for PBXProject "ShoppingList" */;
			compatibilityVersion = "Xcode 3.2";
			developmentRegion = English;
			hasScannedForEncodings = 0;
			knownRegions = (
				en,
				Base,
			);
			mainGroup = E0248AB61D174B1600FBC6F0;
			productRefGroup = E0248AC01D174B1600FBC6F0 /* Products */;
			projectDirPath = "";
			projectRoot = "";
			targets = (
				E0248ABE1D174B1600FBC6F0 /* ShoppingList */,
				E0248AD41D174B1600FBC6F0 /* ShoppingListUITests */,
			);
		};
/* End PBXProject section */

/* Begin PBXResourcesBuildPhase section */
		E0248ABD1D174B1600FBC6F0 /* Resources */ = {
			isa = PBXResourcesBuildPhase;
			buildActionMask = 2147483647;
			files = (
				E0248ACF1D174B1600FBC6F0 /* LaunchScreen.storyboard in Resources */,
				E0248ACC1D174B1600FBC6F0 /* Assets.xcassets in Resources */,
				E0248ACA1D174B1600FBC6F0 /* Main.storyboard in Resources */,
			);
			runOnlyForDeploymentPostprocessing = 0;
		};
		E0248AD31D174B1600FBC6F0 /* Resources */ = {
			isa = PBXResourcesBuildPhase;
			buildActionMask = 2147483647;
			files = (
			);
			runOnlyForDeploymentPostprocessing = 0;
		};
/* End PBXResourcesBuildPhase section */

/* Begin PBXSourcesBuildPhase section */
		E0248ABB1D174B1600FBC6F0 /* Sources */ = {
			isa = PBXSourcesBuildPhase;
			buildActionMask = 2147483647;
			files = (
				E0248AC71D174B1600FBC6F0 /* SecondViewController.swift in Sources */,
				E0248AC31D174B1600FBC6F0 /* AppDelegate.swift in Sources */,
				E0248AC51D174B1600FBC6F0 /* FirstViewController.swift in Sources */,
				E0248AE91D17534F00FBC6F0 /* ShoppingListCell.swift in Sources */,
				E0248AE71D174E5E00FBC6F0 /* ShoppingItem.swift in Sources */,
				E0248AE51D174E2800FBC6F0 /* ShoppingListTableViewController.swift in Sources */,
			);
			runOnlyForDeploymentPostprocessing = 0;
		};
		E0248AD11D174B1600FBC6F0 /* Sources */ = {
			isa = PBXSourcesBuildPhase;
			buildActionMask = 2147483647;
			files = (
				E0248ADA1D174B1600FBC6F0 /* ShoppingListUITests.swift in Sources */,
			);
			runOnlyForDeploymentPostprocessing = 0;
		};
/* End PBXSourcesBuildPhase section */

/* Begin PBXTargetDependency section */
		E0248AD71D174B1600FBC6F0 /* PBXTargetDependency */ = {
			isa = PBXTargetDependency;
			target = E0248ABE1D174B1600FBC6F0 /* ShoppingList */;
			targetProxy = E0248AD61D174B1600FBC6F0 /* PBXContainerItemProxy */;
		};
/* End PBXTargetDependency section */

/* Begin PBXVariantGroup section */
		E0248AC81D174B1600FBC6F0 /* Main.storyboard */ = {
			isa = PBXVariantGroup;
			children = (
				E0248AC91D174B1600FBC6F0 /* Base */,
			);
			name = Main.storyboard;
			sourceTree = "<group>";
		};
		E0248ACD1D174B1600FBC6F0 /* LaunchScreen.storyboard */ = {
			isa = PBXVariantGroup;
			children = (
				E0248ACE1D174B1600FBC6F0 /* Base */,
			);
			name = LaunchScreen.storyboard;
			sourceTree = "<group>";
		};
/* End PBXVariantGroup section */

/* Begin XCBuildConfiguration section */
		E0248ADC1D174B1600FBC6F0 /* Debug */ = {
			isa = XCBuildConfiguration;
			buildSettings = {
				ALWAYS_SEARCH_USER_PATHS = NO;
				CLANG_ANALYZER_NONNULL = YES;
				CLANG_CXX_LANGUAGE_STANDARD = "gnu++0x";
				CLANG_CXX_LIBRARY = "libc++";
				CLANG_ENABLE_MODULES = YES;
				CLANG_ENABLE_OBJC_ARC = YES;
				CLANG_WARN_BOOL_CONVERSION = YES;
				CLANG_WARN_CONSTANT_CONVERSION = YES;
				CLANG_WARN_DIRECT_OBJC_ISA_USAGE = YES_ERROR;
				CLANG_WARN_EMPTY_BODY = YES;
				CLANG_WARN_ENUM_CONVERSION = YES;
				CLANG_WARN_INT_CONVERSION = YES;
				CLANG_WARN_OBJC_ROOT_CLASS = YES_ERROR;
				CLANG_WARN_UNREACHABLE_CODE = YES;
				CLANG_WARN__DUPLICATE_METHOD_MATCH = YES;
				"CODE_SIGN_IDENTITY[sdk=iphoneos*]" = "iPhone Developer";
				COPY_PHASE_STRIP = NO;
				DEBUG_INFORMATION_FORMAT = dwarf;
				ENABLE_STRICT_OBJC_MSGSEND = YES;
				ENABLE_TESTABILITY = YES;
				GCC_C_LANGUAGE_STANDARD = gnu99;
				GCC_DYNAMIC_NO_PIC = NO;
				GCC_NO_COMMON_BLOCKS = YES;
				GCC_OPTIMIZATION_LEVEL = 0;
				GCC_PREPROCESSOR_DEFINITIONS = (
					"DEBUG=1",
					"$(inherited)",
				);
				GCC_WARN_64_TO_32_BIT_CONVERSION = YES;
				GCC_WARN_ABOUT_RETURN_TYPE = YES_ERROR;
				GCC_WARN_UNDECLARED_SELECTOR = YES;
				GCC_WARN_UNINITIALIZED_AUTOS = YES_AGGRESSIVE;
				GCC_WARN_UNUSED_FUNCTION = YES;
				GCC_WARN_UNUSED_VARIABLE = YES;
				IPHONEOS_DEPLOYMENT_TARGET = 9.3;
				MTL_ENABLE_DEBUG_INFO = YES;
				ONLY_ACTIVE_ARCH = YES;
				SDKROOT = iphoneos;
				SWIFT_OPTIMIZATION_LEVEL = "-Onone";
			};
			name = Debug;
		};
		E0248ADD1D174B1600FBC6F0 /* Release */ = {
			isa = XCBuildConfiguration;
			buildSettings = {
				ALWAYS_SEARCH_USER_PATHS = NO;
				CLANG_ANALYZER_NONNULL = YES;
				CLANG_CXX_LANGUAGE_STANDARD = "gnu++0x";
				CLANG_CXX_LIBRARY = "libc++";
				CLANG_ENABLE_MODULES = YES;
				CLANG_ENABLE_OBJC_ARC = YES;
				CLANG_WARN_BOOL_CONVERSION = YES;
				CLANG_WARN_CONSTANT_CONVERSION = YES;
				CLANG_WARN_DIRECT_OBJC_ISA_USAGE = YES_ERROR;
				CLANG_WARN_EMPTY_BODY = YES;
				CLANG_WARN_ENUM_CONVERSION = YES;
				CLANG_WARN_INT_CONVERSION = YES;
				CLANG_WARN_OBJC_ROOT_CLASS = YES_ERROR;
				CLANG_WARN_UNREACHABLE_CODE = YES;
				CLANG_WARN__DUPLICATE_METHOD_MATCH = YES;
				"CODE_SIGN_IDENTITY[sdk=iphoneos*]" = "iPhone Developer";
				COPY_PHASE_STRIP = NO;
				DEBUG_INFORMATION_FORMAT = "dwarf-with-dsym";
				ENABLE_NS_ASSERTIONS = NO;
				ENABLE_STRICT_OBJC_MSGSEND = YES;
				GCC_C_LANGUAGE_STANDARD = gnu99;
				GCC_NO_COMMON_BLOCKS = YES;
				GCC_WARN_64_TO_32_BIT_CONVERSION = YES;
				GCC_WARN_ABOUT_RETURN_TYPE = YES_ERROR;
				GCC_WARN_UNDECLARED_SELECTOR = YES;
				GCC_WARN_UNINITIALIZED_AUTOS = YES_AGGRESSIVE;
				GCC_WARN_UNUSED_FUNCTION = YES;
				GCC_WARN_UNUSED_VARIABLE = YES;
				IPHONEOS_DEPLOYMENT_TARGET = 9.3;
				MTL_ENABLE_DEBUG_INFO = NO;
				SDKROOT = iphoneos;
				VALIDATE_PRODUCT = YES;
			};
			name = Release;
		};
		E0248ADF1D174B1600FBC6F0 /* Debug */ = {
			isa = XCBuildConfiguration;
			buildSettings = {
				ASSETCATALOG_COMPILER_APPICON_NAME = AppIcon;
				INFOPLIST_FILE = ShoppingList/Info.plist;
				LD_RUNPATH_SEARCH_PATHS = "$(inherited) @executable_path/Frameworks";
				PRODUCT_BUNDLE_IDENTIFIER = com.somo.ShoppingList;
				PRODUCT_NAME = "$(TARGET_NAME)";
			};
			name = Debug;
		};
		E0248AE01D174B1600FBC6F0 /* Release */ = {
			isa = XCBuildConfiguration;
			buildSettings = {
				ASSETCATALOG_COMPILER_APPICON_NAME = AppIcon;
				INFOPLIST_FILE = ShoppingList/Info.plist;
				LD_RUNPATH_SEARCH_PATHS = "$(inherited) @executable_path/Frameworks";
				PRODUCT_BUNDLE_IDENTIFIER = com.somo.ShoppingList;
				PRODUCT_NAME = "$(TARGET_NAME)";
			};
			name = Release;
		};
		E0248AE21D174B1600FBC6F0 /* Debug */ = {
			isa = XCBuildConfiguration;
			buildSettings = {
				INFOPLIST_FILE = ShoppingListUITests/Info.plist;
				LD_RUNPATH_SEARCH_PATHS = "$(inherited) @executable_path/Frameworks @loader_path/Frameworks";
				PRODUCT_BUNDLE_IDENTIFIER = com.somo.ShoppingListUITests;
				PRODUCT_NAME = "$(TARGET_NAME)";
				TEST_TARGET_NAME = ShoppingList;
			};
			name = Debug;
		};
		E0248AE31D174B1600FBC6F0 /* Release */ = {
			isa = XCBuildConfiguration;
			buildSettings = {
				INFOPLIST_FILE = ShoppingListUITests/Info.plist;
				LD_RUNPATH_SEARCH_PATHS = "$(inherited) @executable_path/Frameworks @loader_path/Frameworks";
				PRODUCT_BUNDLE_IDENTIFIER = com.somo.ShoppingListUITests;
				PRODUCT_NAME = "$(TARGET_NAME)";
				TEST_TARGET_NAME = ShoppingList;
			};
			name = Release;
		};
/* End XCBuildConfiguration section */

/* Begin XCConfigurationList section */
		E0248ABA1D174B1600FBC6F0 /* Build configuration list for PBXProject "ShoppingList" */ = {
			isa = XCConfigurationList;
			buildConfigurations = (
				E0248ADC1D174B1600FBC6F0 /* Debug */,
				E0248ADD1D174B1600FBC6F0 /* Release */,
			);
			defaultConfigurationIsVisible = 0;
			defaultConfigurationName = Release;
		};
		E0248ADE1D174B1600FBC6F0 /* Build configuration list for PBXNativeTarget "ShoppingList" */ = {
			isa = XCConfigurationList;
			buildConfigurations = (
				E0248ADF1D174B1600FBC6F0 /* Debug */,
				E0248AE01D174B1600FBC6F0 /* Release */,
			);
			defaultConfigurationIsVisible = 0;
		};
		E0248AE11D174B1600FBC6F0 /* Build configuration list for PBXNativeTarget "ShoppingListUITests" */ = {
			isa = XCConfigurationList;
			buildConfigurations = (
				E0248AE21D174B1600FBC6F0 /* Debug */,
				E0248AE31D174B1600FBC6F0 /* Release */,
			);
			defaultConfigurationIsVisible = 0;
		};
/* End XCConfigurationList section */
	};
	rootObject = E0248AB71D174B1600FBC6F0 /* Project object */;
}
